// !$*UTF8*$!
{
	archiveVersion = 1;
	classes = {
	};
	objectVersion = 77;
	objects = {

/* Begin PBXBuildFile section */
		0C468E1D2DB032E600A3DB48 /* FirebaseMessaging in Frameworks */ = {isa = PBXBuildFile; productRef = 0C468E1C2DB032E600A3DB48 /* FirebaseMessaging */; };
		0CB528D62D94375E00C9C7A9 /* FirebaseAnalytics in Frameworks */ = {isa = PBXBuildFile; productRef = 0CB528D52D94375E00C9C7A9 /* FirebaseAnalytics */; };
		0CB528D82D94375E00C9C7A9 /* FirebaseAnalyticsOnDeviceConversion in Frameworks */ = {isa = PBXBuildFile; productRef = 0CB528D72D94375E00C9C7A9 /* FirebaseAnalyticsOnDeviceConversion */; };
		0CB528DA2D94375E00C9C7A9 /* FirebaseAnalyticsWithoutAdIdSupport in Frameworks */ = {isa = PBXBuildFile; productRef = 0CB528D92D94375E00C9C7A9 /* FirebaseAnalyticsWithoutAdIdSupport */; };
		0CB528DC2D94375E00C9C7A9 /* FirebaseAppCheck in Frameworks */ = {isa = PBXBuildFile; productRef = 0CB528DB2D94375E00C9C7A9 /* FirebaseAppCheck */; };
		0CB528DE2D94375E00C9C7A9 /* FirebaseAppDistribution-Beta in Frameworks */ = {isa = PBXBuildFile; productRef = 0CB528DD2D94375E00C9C7A9 /* FirebaseAppDistribution-Beta */; };
		0CB528E72D943E1300C9C7A9 /* FirebaseAuth in Frameworks */ = {isa = PBXBuildFile; productRef = 0CB528E62D943E1300C9C7A9 /* FirebaseAuth */; };
		0CB528E92D945DCD00C9C7A9 /* FirebaseFirestore in Frameworks */ = {isa = PBXBuildFile; productRef = 0CB528E82D945DCD00C9C7A9 /* FirebaseFirestore */; };
		0CE931832DA54DD90001985B /* FirebaseDatabase in Frameworks */ = {isa = PBXBuildFile; productRef = 0CE931822DA54DD90001985B /* FirebaseDatabase */; };
/* End PBXBuildFile section */

/* Begin PBXContainerItemProxy section */
		0C551BCC2D9427390071F5AE /* PBXContainerItemProxy */ = {
			isa = PBXContainerItemProxy;
			containerPortal = 0C551BB32D9427220071F5AE /* Project object */;
			proxyType = 1;
			remoteGlobalIDString = 0C551BBA2D9427220071F5AE;
			remoteInfo = SmartPetFeeder;
		};
		0C551BD62D9427390071F5AE /* PBXContainerItemProxy */ = {
			isa = PBXContainerItemProxy;
			containerPortal = 0C551BB32D9427220071F5AE /* Project object */;
			proxyType = 1;
			remoteGlobalIDString = 0C551BBA2D9427220071F5AE;
			remoteInfo = SmartPetFeeder;
		};
/* End PBXContainerItemProxy section */

/* Begin PBXFileReference section */
		0C551BBB2D9427220071F5AE /* SmartPetFeeder.app */ = {isa = PBXFileReference; explicitFileType = wrapper.application; includeInIndex = 0; path = SmartPetFeeder.app; sourceTree = BUILT_PRODUCTS_DIR; };
		0C551BCB2D9427390071F5AE /* SmartPetFeederTests.xctest */ = {isa = PBXFileReference; explicitFileType = wrapper.cfbundle; includeInIndex = 0; path = SmartPetFeederTests.xctest; sourceTree = BUILT_PRODUCTS_DIR; };
		0C551BD52D9427390071F5AE /* SmartPetFeederUITests.xctest */ = {isa = PBXFileReference; explicitFileType = wrapper.cfbundle; includeInIndex = 0; path = SmartPetFeederUITests.xctest; sourceTree = BUILT_PRODUCTS_DIR; };
/* End PBXFileReference section */

/* Begin PBXFileSystemSynchronizedBuildFileExceptionSet section */
		0CE931862DA5516A0001985B /* Exceptions for "SmartPetFeeder" folder in "SmartPetFeeder" target */ = {
			isa = PBXFileSystemSynchronizedBuildFileExceptionSet;
			membershipExceptions = (
				Info.plist,
			);
			target = 0C551BBA2D9427220071F5AE /* SmartPetFeeder */;
		};
/* End PBXFileSystemSynchronizedBuildFileExceptionSet section */

/* Begin PBXFileSystemSynchronizedRootGroup section */
		0C551BBD2D9427220071F5AE /* SmartPetFeeder */ = {
			isa = PBXFileSystemSynchronizedRootGroup;
			exceptions = (
				0CE931862DA5516A0001985B /* Exceptions for "SmartPetFeeder" folder in "SmartPetFeeder" target */,
			);
			path = SmartPetFeeder;
			sourceTree = "<group>";
		};
		0C551BCE2D9427390071F5AE /* SmartPetFeederTests */ = {
			isa = PBXFileSystemSynchronizedRootGroup;
			path = SmartPetFeederTests;
			sourceTree = "<group>";
		};
		0C551BD82D9427390071F5AE /* SmartPetFeederUITests */ = {
			isa = PBXFileSystemSynchronizedRootGroup;
			path = SmartPetFeederUITests;
			sourceTree = "<group>";
		};
/* End PBXFileSystemSynchronizedRootGroup section */

/* Begin PBXFrameworksBuildPhase section */
		0C551BB82D9427220071F5AE /* Frameworks */ = {
			isa = PBXFrameworksBuildPhase;
			buildActionMask = 2147483647;
			files = (
				0C468E1D2DB032E600A3DB48 /* FirebaseMessaging in Frameworks */,
				0CB528DC2D94375E00C9C7A9 /* FirebaseAppCheck in Frameworks */,
				0CB528E72D943E1300C9C7A9 /* FirebaseAuth in Frameworks */,
				0CB528D62D94375E00C9C7A9 /* FirebaseAnalytics in Frameworks */,
				0CB528DE2D94375E00C9C7A9 /* FirebaseAppDistribution-Beta in Frameworks */,
				0CB528DA2D94375E00C9C7A9 /* FirebaseAnalyticsWithoutAdIdSupport in Frameworks */,
				0CB528D82D94375E00C9C7A9 /* FirebaseAnalyticsOnDeviceConversion in Frameworks */,
				0CE931832DA54DD90001985B /* FirebaseDatabase in Frameworks */,
				0CB528E92D945DCD00C9C7A9 /* FirebaseFirestore in Frameworks */,
			);
			runOnlyForDeploymentPostprocessing = 0;
		};
		0C551BC82D9427390071F5AE /* Frameworks */ = {
			isa = PBXFrameworksBuildPhase;
			buildActionMask = 2147483647;
			files = (
			);
			runOnlyForDeploymentPostprocessing = 0;
		};
		0C551BD22D9427390071F5AE /* Frameworks */ = {
			isa = PBXFrameworksBuildPhase;
			buildActionMask = 2147483647;
			files = (
			);
			runOnlyForDeploymentPostprocessing = 0;
		};
/* End PBXFrameworksBuildPhase section */

/* Begin PBXGroup section */
		0C551BB22D9427220071F5AE = {
			isa = PBXGroup;
			children = (
				0C551BBD2D9427220071F5AE /* SmartPetFeeder */,
				0C551BCE2D9427390071F5AE /* SmartPetFeederTests */,
				0C551BD82D9427390071F5AE /* SmartPetFeederUITests */,
				0CB528E52D943E1300C9C7A9 /* Frameworks */,
				0C551BBC2D9427220071F5AE /* Products */,
			);
			sourceTree = "<group>";
		};
		0C551BBC2D9427220071F5AE /* Products */ = {
			isa = PBXGroup;
			children = (
				0C551BBB2D9427220071F5AE /* SmartPetFeeder.app */,
				0C551BCB2D9427390071F5AE /* SmartPetFeederTests.xctest */,
				0C551BD52D9427390071F5AE /* SmartPetFeederUITests.xctest */,
			);
			name = Products;
			sourceTree = "<group>";
		};
		0CB528E52D943E1300C9C7A9 /* Frameworks */ = {
			isa = PBXGroup;
			children = (
			);
			name = Frameworks;
			sourceTree = "<group>";
		};
/* End PBXGroup section */

/* Begin PBXNativeTarget section */
		0C551BBA2D9427220071F5AE /* SmartPetFeeder */ = {
			isa = PBXNativeTarget;
			buildConfigurationList = 0C551BDF2D9427390071F5AE /* Build configuration list for PBXNativeTarget "SmartPetFeeder" */;
			buildPhases = (
				0C551BB72D9427220071F5AE /* Sources */,
				0C551BB82D9427220071F5AE /* Frameworks */,
				0C551BB92D9427220071F5AE /* Resources */,
			);
			buildRules = (
			);
			dependencies = (
			);
			fileSystemSynchronizedGroups = (
				0C551BBD2D9427220071F5AE /* SmartPetFeeder */,
			);
			name = SmartPetFeeder;
			packageProductDependencies = (
				0CB528D52D94375E00C9C7A9 /* FirebaseAnalytics */,
				0CB528D72D94375E00C9C7A9 /* FirebaseAnalyticsOnDeviceConversion */,
				0CB528D92D94375E00C9C7A9 /* FirebaseAnalyticsWithoutAdIdSupport */,
				0CB528DB2D94375E00C9C7A9 /* FirebaseAppCheck */,
				0CB528DD2D94375E00C9C7A9 /* FirebaseAppDistribution-Beta */,
				0CB528E62D943E1300C9C7A9 /* FirebaseAuth */,
				0CB528E82D945DCD00C9C7A9 /* FirebaseFirestore */,
				0CE931822DA54DD90001985B /* FirebaseDatabase */,
				0C468E1C2DB032E600A3DB48 /* FirebaseMessaging */,
			);
			productName = SmartPetFeeder;
			productReference = 0C551BBB2D9427220071F5AE /* SmartPetFeeder.app */;
			productType = "com.apple.product-type.application";
		};
		0C551BCA2D9427390071F5AE /* SmartPetFeederTests */ = {
			isa = PBXNativeTarget;
			buildConfigurationList = 0C551BE22D9427390071F5AE /* Build configuration list for PBXNativeTarget "SmartPetFeederTests" */;
			buildPhases = (
				0C551BC72D9427390071F5AE /* Sources */,
				0C551BC82D9427390071F5AE /* Frameworks */,
				0C551BC92D9427390071F5AE /* Resources */,
			);
			buildRules = (
			);
			dependencies = (
				0C551BCD2D9427390071F5AE /* PBXTargetDependency */,
			);
			fileSystemSynchronizedGroups = (
				0C551BCE2D9427390071F5AE /* SmartPetFeederTests */,
			);
			name = SmartPetFeederTests;
			packageProductDependencies = (
			);
			productName = SmartPetFeederTests;
			productReference = 0C551BCB2D9427390071F5AE /* SmartPetFeederTests.xctest */;
			productType = "com.apple.product-type.bundle.unit-test";
		};
		0C551BD42D9427390071F5AE /* SmartPetFeederUITests */ = {
			isa = PBXNativeTarget;
			buildConfigurationList = 0C551BE52D9427390071F5AE /* Build configuration list for PBXNativeTarget "SmartPetFeederUITests" */;
			buildPhases = (
				0C551BD12D9427390071F5AE /* Sources */,
				0C551BD22D9427390071F5AE /* Frameworks */,
				0C551BD32D9427390071F5AE /* Resources */,
			);
			buildRules = (
			);
			dependencies = (
				0C551BD72D9427390071F5AE /* PBXTargetDependency */,
			);
			fileSystemSynchronizedGroups = (
				0C551BD82D9427390071F5AE /* SmartPetFeederUITests */,
			);
			name = SmartPetFeederUITests;
			packageProductDependencies = (
			);
			productName = SmartPetFeederUITests;
			productReference = 0C551BD52D9427390071F5AE /* SmartPetFeederUITests.xctest */;
			productType = "com.apple.product-type.bundle.ui-testing";
		};
/* End PBXNativeTarget section */

/* Begin PBXProject section */
		0C551BB32D9427220071F5AE /* Project object */ = {
			isa = PBXProject;
			attributes = {
				BuildIndependentTargetsInParallel = 1;
				LastSwiftUpdateCheck = 1620;
				LastUpgradeCheck = 1620;
				TargetAttributes = {
					0C551BBA2D9427220071F5AE = {
						CreatedOnToolsVersion = 16.2;
					};
					0C551BCA2D9427390071F5AE = {
						CreatedOnToolsVersion = 16.2;
						TestTargetID = 0C551BBA2D9427220071F5AE;
					};
					0C551BD42D9427390071F5AE = {
						CreatedOnToolsVersion = 16.2;
						TestTargetID = 0C551BBA2D9427220071F5AE;
					};
				};
			};
			buildConfigurationList = 0C551BB62D9427220071F5AE /* Build configuration list for PBXProject "SmartPetFeeder" */;
			developmentRegion = en;
			hasScannedForEncodings = 0;
			knownRegions = (
				en,
				Base,
			);
			mainGroup = 0C551BB22D9427220071F5AE;
			minimizedProjectReferenceProxies = 1;
			packageReferences = (
				0CB528D42D94375E00C9C7A9 /* XCRemoteSwiftPackageReference "firebase-ios-sdk" */,
			);
			preferredProjectObjectVersion = 77;
			productRefGroup = 0C551BBC2D9427220071F5AE /* Products */;
			projectDirPath = "";
			projectRoot = "";
			targets = (
				0C551BBA2D9427220071F5AE /* SmartPetFeeder */,
				0C551BCA2D9427390071F5AE /* SmartPetFeederTests */,
				0C551BD42D9427390071F5AE /* SmartPetFeederUITests */,
			);
		};
/* End PBXProject section */

/* Begin PBXResourcesBuildPhase section */
		0C551BB92D9427220071F5AE /* Resources */ = {
			isa = PBXResourcesBuildPhase;
			buildActionMask = 2147483647;
			files = (
			);
			runOnlyForDeploymentPostprocessing = 0;
		};
		0C551BC92D9427390071F5AE /* Resources */ = {
			isa = PBXResourcesBuildPhase;
			buildActionMask = 2147483647;
			files = (
			);
			runOnlyForDeploymentPostprocessing = 0;
		};
		0C551BD32D9427390071F5AE /* Resources */ = {
			isa = PBXResourcesBuildPhase;
			buildActionMask = 2147483647;
			files = (
			);
			runOnlyForDeploymentPostprocessing = 0;
		};
/* End PBXResourcesBuildPhase section */

/* Begin PBXSourcesBuildPhase section */
		0C551BB72D9427220071F5AE /* Sources */ = {
			isa = PBXSourcesBuildPhase;
			buildActionMask = 2147483647;
			files = (
			);
			runOnlyForDeploymentPostprocessing = 0;
		};
		0C551BC72D9427390071F5AE /* Sources */ = {
			isa = PBXSourcesBuildPhase;
			buildActionMask = 2147483647;
			files = (
			);
			runOnlyForDeploymentPostprocessing = 0;
		};
		0C551BD12D9427390071F5AE /* Sources */ = {
			isa = PBXSourcesBuildPhase;
			buildActionMask = 2147483647;
			files = (
			);
			runOnlyForDeploymentPostprocessing = 0;
		};
/* End PBXSourcesBuildPhase section */

/* Begin PBXTargetDependency section */
		0C551BCD2D9427390071F5AE /* PBXTargetDependency */ = {
			isa = PBXTargetDependency;
			target = 0C551BBA2D9427220071F5AE /* SmartPetFeeder */;
			targetProxy = 0C551BCC2D9427390071F5AE /* PBXContainerItemProxy */;
		};
		0C551BD72D9427390071F5AE /* PBXTargetDependency */ = {
			isa = PBXTargetDependency;
			target = 0C551BBA2D9427220071F5AE /* SmartPetFeeder */;
			targetProxy = 0C551BD62D9427390071F5AE /* PBXContainerItemProxy */;
		};
/* End PBXTargetDependency section */

/* Begin XCBuildConfiguration section */
		0C551BDD2D9427390071F5AE /* Debug */ = {
			isa = XCBuildConfiguration;
			buildSettings = {
				ALWAYS_SEARCH_USER_PATHS = NO;
				ASSETCATALOG_COMPILER_GENERATE_SWIFT_ASSET_SYMBOL_EXTENSIONS = YES;
				CLANG_ANALYZER_NONNULL = YES;
				CLANG_ANALYZER_NUMBER_OBJECT_CONVERSION = YES_AGGRESSIVE;
				CLANG_CXX_LANGUAGE_STANDARD = "gnu++20";
				CLANG_ENABLE_MODULES = YES;
				CLANG_ENABLE_OBJC_ARC = YES;
				CLANG_ENABLE_OBJC_WEAK = YES;
				CLANG_WARN_BLOCK_CAPTURE_AUTORELEASING = YES;
				CLANG_WARN_BOOL_CONVERSION = YES;
				CLANG_WARN_COMMA = YES;
				CLANG_WARN_CONSTANT_CONVERSION = YES;
				CLANG_WARN_DEPRECATED_OBJC_IMPLEMENTATIONS = YES;
				CLANG_WARN_DIRECT_OBJC_ISA_USAGE = YES_ERROR;
				CLANG_WARN_DOCUMENTATION_COMMENTS = YES;
				CLANG_WARN_EMPTY_BODY = YES;
				CLANG_WARN_ENUM_CONVERSION = YES;
				CLANG_WARN_INFINITE_RECURSION = YES;
				CLANG_WARN_INT_CONVERSION = YES;
				CLANG_WARN_NON_LITERAL_NULL_CONVERSION = YES;
				CLANG_WARN_OBJC_IMPLICIT_RETAIN_SELF = YES;
				CLANG_WARN_OBJC_LITERAL_CONVERSION = YES;
				CLANG_WARN_OBJC_ROOT_CLASS = YES_ERROR;
				CLANG_WARN_QUOTED_INCLUDE_IN_FRAMEWORK_HEADER = YES;
				CLANG_WARN_RANGE_LOOP_ANALYSIS = YES;
				CLANG_WARN_STRICT_PROTOTYPES = YES;
				CLANG_WARN_SUSPICIOUS_MOVE = YES;
				CLANG_WARN_UNGUARDED_AVAILABILITY = YES_AGGRESSIVE;
				CLANG_WARN_UNREACHABLE_CODE = YES;
				CLANG_WARN__DUPLICATE_METHOD_MATCH = YES;
				COPY_PHASE_STRIP = NO;
				DEBUG_INFORMATION_FORMAT = dwarf;
				ENABLE_STRICT_OBJC_MSGSEND = YES;
				ENABLE_TESTABILITY = YES;
				ENABLE_USER_SCRIPT_SANDBOXING = YES;
				GCC_C_LANGUAGE_STANDARD = gnu17;
				GCC_DYNAMIC_NO_PIC = NO;
				GCC_NO_COMMON_BLOCKS = YES;
				GCC_OPTIMIZATION_LEVEL = 0;
				GCC_PREPROCESSOR_DEFINITIONS = (
					"DEBUG=1",
					"$(inherited)",
				);
				GCC_WARN_64_TO_32_BIT_CONVERSION = YES;
				GCC_WARN_ABOUT_RETURN_TYPE = YES_ERROR;
				GCC_WARN_UNDECLARED_SELECTOR = YES;
				GCC_WARN_UNINITIALIZED_AUTOS = YES_AGGRESSIVE;
				GCC_WARN_UNUSED_FUNCTION = YES;
				GCC_WARN_UNUSED_VARIABLE = YES;
				IPHONEOS_DEPLOYMENT_TARGET = 18.2;
				LOCALIZATION_PREFERS_STRING_CATALOGS = YES;
				MTL_ENABLE_DEBUG_INFO = INCLUDE_SOURCE;
				MTL_FAST_MATH = YES;
				ONLY_ACTIVE_ARCH = YES;
				SDKROOT = iphoneos;
				SWIFT_ACTIVE_COMPILATION_CONDITIONS = "DEBUG $(inherited)";
				SWIFT_OPTIMIZATION_LEVEL = "-Onone";
			};
			name = Debug;
		};
		0C551BDE2D9427390071F5AE /* Release */ = {
			isa = XCBuildConfiguration;
			buildSettings = {
				ALWAYS_SEARCH_USER_PATHS = NO;
				ASSETCATALOG_COMPILER_GENERATE_SWIFT_ASSET_SYMBOL_EXTENSIONS = YES;
				CLANG_ANALYZER_NONNULL = YES;
				CLANG_ANALYZER_NUMBER_OBJECT_CONVERSION = YES_AGGRESSIVE;
				CLANG_CXX_LANGUAGE_STANDARD = "gnu++20";
				CLANG_ENABLE_MODULES = YES;
				CLANG_ENABLE_OBJC_ARC = YES;
				CLANG_ENABLE_OBJC_WEAK = YES;
				CLANG_WARN_BLOCK_CAPTURE_AUTORELEASING = YES;
				CLANG_WARN_BOOL_CONVERSION = YES;
				CLANG_WARN_COMMA = YES;
				CLANG_WARN_CONSTANT_CONVERSION = YES;
				CLANG_WARN_DEPRECATED_OBJC_IMPLEMENTATIONS = YES;
				CLANG_WARN_DIRECT_OBJC_ISA_USAGE = YES_ERROR;
				CLANG_WARN_DOCUMENTATION_COMMENTS = YES;
				CLANG_WARN_EMPTY_BODY = YES;
				CLANG_WARN_ENUM_CONVERSION = YES;
				CLANG_WARN_INFINITE_RECURSION = YES;
				CLANG_WARN_INT_CONVERSION = YES;
				CLANG_WARN_NON_LITERAL_NULL_CONVERSION = YES;
				CLANG_WARN_OBJC_IMPLICIT_RETAIN_SELF = YES;
				CLANG_WARN_OBJC_LITERAL_CONVERSION = YES;
				CLANG_WARN_OBJC_ROOT_CLASS = YES_ERROR;
				CLANG_WARN_QUOTED_INCLUDE_IN_FRAMEWORK_HEADER = YES;
				CLANG_WARN_RANGE_LOOP_ANALYSIS = YES;
				CLANG_WARN_STRICT_PROTOTYPES = YES;
				CLANG_WARN_SUSPICIOUS_MOVE = YES;
				CLANG_WARN_UNGUARDED_AVAILABILITY = YES_AGGRESSIVE;
				CLANG_WARN_UNREACHABLE_CODE = YES;
				CLANG_WARN__DUPLICATE_METHOD_MATCH = YES;
				COPY_PHASE_STRIP = NO;
				DEBUG_INFORMATION_FORMAT = "dwarf-with-dsym";
				ENABLE_NS_ASSERTIONS = NO;
				ENABLE_STRICT_OBJC_MSGSEND = YES;
				ENABLE_USER_SCRIPT_SANDBOXING = YES;
				GCC_C_LANGUAGE_STANDARD = gnu17;
				GCC_NO_COMMON_BLOCKS = YES;
				GCC_WARN_64_TO_32_BIT_CONVERSION = YES;
				GCC_WARN_ABOUT_RETURN_TYPE = YES_ERROR;
				GCC_WARN_UNDECLARED_SELECTOR = YES;
				GCC_WARN_UNINITIALIZED_AUTOS = YES_AGGRESSIVE;
				GCC_WARN_UNUSED_FUNCTION = YES;
				GCC_WARN_UNUSED_VARIABLE = YES;
				IPHONEOS_DEPLOYMENT_TARGET = 18.2;
				LOCALIZATION_PREFERS_STRING_CATALOGS = YES;
				MTL_ENABLE_DEBUG_INFO = NO;
				MTL_FAST_MATH = YES;
				SDKROOT = iphoneos;
				SWIFT_COMPILATION_MODE = wholemodule;
				VALIDATE_PRODUCT = YES;
			};
			name = Release;
		};
		0C551BE02D9427390071F5AE /* Debug */ = {
			isa = XCBuildConfiguration;
			buildSettings = {
				ASSETCATALOG_COMPILER_APPICON_NAME = AppIcon;
				ASSETCATALOG_COMPILER_GLOBAL_ACCENT_COLOR_NAME = AccentColor;
				CODE_SIGN_ENTITLEMENTS = SmartPetFeeder/SmartPetFeeder.entitlements;
				CODE_SIGN_STYLE = Automatic;
				CURRENT_PROJECT_VERSION = 1;
				DEVELOPMENT_ASSET_PATHS = "\"SmartPetFeeder/Preview Content\"";
				DEVELOPMENT_TEAM = MMLF9XQRQP;
				ENABLE_PREVIEWS = YES;
				GENERATE_INFOPLIST_FILE = YES;
				INFOPLIST_FILE = SmartPetFeeder/Info.plist;
				INFOPLIST_KEY_UIApplicationSceneManifest_Generation = YES;
				INFOPLIST_KEY_UIApplicationSupportsIndirectInputEvents = YES;
				INFOPLIST_KEY_UILaunchScreen_Generation = YES;
				INFOPLIST_KEY_UISupportedInterfaceOrientations_iPad = "UIInterfaceOrientationPortrait UIInterfaceOrientationPortraitUpsideDown UIInterfaceOrientationLandscapeLeft UIInterfaceOrientationLandscapeRight";
				INFOPLIST_KEY_UISupportedInterfaceOrientations_iPhone = "UIInterfaceOrientationPortrait UIInterfaceOrientationLandscapeLeft UIInterfaceOrientationLandscapeRight";
				LD_RUNPATH_SEARCH_PATHS = (
					"$(inherited)",
					"@executable_path/Frameworks",
				);
				MARKETING_VERSION = 2.0;
				PRODUCT_BUNDLE_IDENTIFIER = com.Database.SmartPetFeeder;
				PRODUCT_NAME = "$(TARGET_NAME)";
				SWIFT_EMIT_LOC_STRINGS = YES;
				SWIFT_VERSION = 5.0;
				TARGETED_DEVICE_FAMILY = "1,2";
			};
			name = Debug;
		};
		0C551BE12D9427390071F5AE /* Release */ = {
			isa = XCBuildConfiguration;
			buildSettings = {
				ASSETCATALOG_COMPILER_APPICON_NAME = AppIcon;
				ASSETCATALOG_COMPILER_GLOBAL_ACCENT_COLOR_NAME = AccentColor;
				CODE_SIGN_ENTITLEMENTS = SmartPetFeeder/SmartPetFeeder.entitlements;
				CODE_SIGN_STYLE = Automatic;
				CURRENT_PROJECT_VERSION = 1;
				DEVELOPMENT_ASSET_PATHS = "\"SmartPetFeeder/Preview Content\"";
				DEVELOPMENT_TEAM = MMLF9XQRQP;
				ENABLE_PREVIEWS = YES;
				GENERATE_INFOPLIST_FILE = YES;
				INFOPLIST_FILE = SmartPetFeeder/Info.plist;
				INFOPLIST_KEY_UIApplicationSceneManifest_Generation = YES;
				INFOPLIST_KEY_UIApplicationSupportsIndirectInputEvents = YES;
				INFOPLIST_KEY_UILaunchScreen_Generation = YES;
				INFOPLIST_KEY_UISupportedInterfaceOrientations_iPad = "UIInterfaceOrientationPortrait UIInterfaceOrientationPortraitUpsideDown UIInterfaceOrientationLandscapeLeft UIInterfaceOrientationLandscapeRight";
				INFOPLIST_KEY_UISupportedInterfaceOrientations_iPhone = "UIInterfaceOrientationPortrait UIInterfaceOrientationLandscapeLeft UIInterfaceOrientationLandscapeRight";
				LD_RUNPATH_SEARCH_PATHS = (
					"$(inherited)",
					"@executable_path/Frameworks",
				);
				MARKETING_VERSION = 2.0;
				PRODUCT_BUNDLE_IDENTIFIER = com.Database.SmartPetFeeder;
				PRODUCT_NAME = "$(TARGET_NAME)";
				SWIFT_EMIT_LOC_STRINGS = YES;
				SWIFT_VERSION = 5.0;
				TARGETED_DEVICE_FAMILY = "1,2";
			};
			name = Release;
		};
		0C551BE32D9427390071F5AE /* Debug */ = {
			isa = XCBuildConfiguration;
			buildSettings = {
				BUNDLE_LOADER = "$(TEST_HOST)";
				CODE_SIGN_STYLE = Automatic;
				CURRENT_PROJECT_VERSION = 1;
				DEVELOPMENT_TEAM = MMLF9XQRQP;
				GENERATE_INFOPLIST_FILE = YES;
				IPHONEOS_DEPLOYMENT_TARGET = 18.2;
				MARKETING_VERSION = 1.0;
				PRODUCT_BUNDLE_IDENTIFIER = com.Database.SmartPetFeederTests;
				PRODUCT_NAME = "$(TARGET_NAME)";
				SWIFT_EMIT_LOC_STRINGS = NO;
				SWIFT_VERSION = 5.0;
				TARGETED_DEVICE_FAMILY = "1,2";
				TEST_HOST = "$(BUILT_PRODUCTS_DIR)/SmartPetFeeder.app/$(BUNDLE_EXECUTABLE_FOLDER_PATH)/SmartPetFeeder";
			};
			name = Debug;
		};
		0C551BE42D9427390071F5AE /* Release */ = {
			isa = XCBuildConfiguration;
			buildSettings = {
				BUNDLE_LOADER = "$(TEST_HOST)";
				CODE_SIGN_STYLE = Automatic;
				CURRENT_PROJECT_VERSION = 1;
				DEVELOPMENT_TEAM = MMLF9XQRQP;
				GENERATE_INFOPLIST_FILE = YES;
				IPHONEOS_DEPLOYMENT_TARGET = 18.2;
				MARKETING_VERSION = 1.0;
				PRODUCT_BUNDLE_IDENTIFIER = com.Database.SmartPetFeederTests;
				PRODUCT_NAME = "$(TARGET_NAME)";
				SWIFT_EMIT_LOC_STRINGS = NO;
				SWIFT_VERSION = 5.0;
				TARGETED_DEVICE_FAMILY = "1,2";
				TEST_HOST = "$(BUILT_PRODUCTS_DIR)/SmartPetFeeder.app/$(BUNDLE_EXECUTABLE_FOLDER_PATH)/SmartPetFeeder";
			};
			name = Release;
		};
		0C551BE62D9427390071F5AE /* Debug */ = {
			isa = XCBuildConfiguration;
			buildSettings = {
				CODE_SIGN_STYLE = Automatic;
				CURRENT_PROJECT_VERSION = 1;
				DEVELOPMENT_TEAM = MMLF9XQRQP;
				GENERATE_INFOPLIST_FILE = YES;
				MARKETING_VERSION = 1.0;
				PRODUCT_BUNDLE_IDENTIFIER = com.Database.SmartPetFeederUITests;
				PRODUCT_NAME = "$(TARGET_NAME)";
				SWIFT_EMIT_LOC_STRINGS = NO;
				SWIFT_VERSION = 5.0;
				TARGETED_DEVICE_FAMILY = "1,2";
				TEST_TARGET_NAME = SmartPetFeeder;
			};
			name = Debug;
		};
		0C551BE72D9427390071F5AE /* Release */ = {
			isa = XCBuildConfiguration;
			buildSettings = {
				CODE_SIGN_STYLE = Automatic;
				CURRENT_PROJECT_VERSION = 1;
				DEVELOPMENT_TEAM = MMLF9XQRQP;
				GENERATE_INFOPLIST_FILE = YES;
				MARKETING_VERSION = 1.0;
				PRODUCT_BUNDLE_IDENTIFIER = com.Database.SmartPetFeederUITests;
				PRODUCT_NAME = "$(TARGET_NAME)";
				SWIFT_EMIT_LOC_STRINGS = NO;
				SWIFT_VERSION = 5.0;
				TARGETED_DEVICE_FAMILY = "1,2";
				TEST_TARGET_NAME = SmartPetFeeder;
			};
			name = Release;
		};
/* End XCBuildConfiguration section */

/* Begin XCConfigurationList section */
		0C551BB62D9427220071F5AE /* Build configuration list for PBXProject "SmartPetFeeder" */ = {
			isa = XCConfigurationList;
			buildConfigurations = (
				0C551BDD2D9427390071F5AE /* Debug */,
				0C551BDE2D9427390071F5AE /* Release */,
			);
			defaultConfigurationIsVisible = 0;
			defaultConfigurationName = Release;
		};
		0C551BDF2D9427390071F5AE /* Build configuration list for PBXNativeTarget "SmartPetFeeder" */ = {
			isa = XCConfigurationList;
			buildConfigurations = (
				0C551BE02D9427390071F5AE /* Debug */,
				0C551BE12D9427390071F5AE /* Release */,
			);
			defaultConfigurationIsVisible = 0;
			defaultConfigurationName = Release;
		};
		0C551BE22D9427390071F5AE /* Build configuration list for PBXNativeTarget "SmartPetFeederTests" */ = {
			isa = XCConfigurationList;
			buildConfigurations = (
				0C551BE32D9427390071F5AE /* Debug */,
				0C551BE42D9427390071F5AE /* Release */,
			);
			defaultConfigurationIsVisible = 0;
			defaultConfigurationName = Release;
		};
		0C551BE52D9427390071F5AE /* Build configuration list for PBXNativeTarget "SmartPetFeederUITests" */ = {
			isa = XCConfigurationList;
			buildConfigurations = (
				0C551BE62D9427390071F5AE /* Debug */,
				0C551BE72D9427390071F5AE /* Release */,
			);
			defaultConfigurationIsVisible = 0;
			defaultConfigurationName = Release;
		};
/* End XCConfigurationList section */

/* Begin XCRemoteSwiftPackageReference section */
		0CB528D42D94375E00C9C7A9 /* XCRemoteSwiftPackageReference "firebase-ios-sdk" */ = {
			isa = XCRemoteSwiftPackageReference;
			repositoryURL = "https://github.com/firebase/firebase-ios-sdk.git";
			requirement = {
				kind = upToNextMajorVersion;
				minimumVersion = 11.10.0;
			};
		};
/* End XCRemoteSwiftPackageReference section */

/* Begin XCSwiftPackageProductDependency section */
		0C468E1C2DB032E600A3DB48 /* FirebaseMessaging */ = {
			isa = XCSwiftPackageProductDependency;
			package = 0CB528D42D94375E00C9C7A9 /* XCRemoteSwiftPackageReference "firebase-ios-sdk" */;
			productName = FirebaseMessaging;
		};
		0CB528D52D94375E00C9C7A9 /* FirebaseAnalytics */ = {
			isa = XCSwiftPackageProductDependency;
			package = 0CB528D42D94375E00C9C7A9 /* XCRemoteSwiftPackageReference "firebase-ios-sdk" */;
			productName = FirebaseAnalytics;
		};
		0CB528D72D94375E00C9C7A9 /* FirebaseAnalyticsOnDeviceConversion */ = {
			isa = XCSwiftPackageProductDependency;
			package = 0CB528D42D94375E00C9C7A9 /* XCRemoteSwiftPackageReference "firebase-ios-sdk" */;
			productName = FirebaseAnalyticsOnDeviceConversion;
		};
		0CB528D92D94375E00C9C7A9 /* FirebaseAnalyticsWithoutAdIdSupport */ = {
			isa = XCSwiftPackageProductDependency;
			package = 0CB528D42D94375E00C9C7A9 /* XCRemoteSwiftPackageReference "firebase-ios-sdk" */;
			productName = FirebaseAnalyticsWithoutAdIdSupport;
		};
		0CB528DB2D94375E00C9C7A9 /* FirebaseAppCheck */ = {
			isa = XCSwiftPackageProductDependency;
			package = 0CB528D42D94375E00C9C7A9 /* XCRemoteSwiftPackageReference "firebase-ios-sdk" */;
			productName = FirebaseAppCheck;
		};
		0CB528DD2D94375E00C9C7A9 /* FirebaseAppDistribution-Beta */ = {
			isa = XCSwiftPackageProductDependency;
			package = 0CB528D42D94375E00C9C7A9 /* XCRemoteSwiftPackageReference "firebase-ios-sdk" */;
			productName = "FirebaseAppDistribution-Beta";
		};
		0CB528E62D943E1300C9C7A9 /* FirebaseAuth */ = {
			isa = XCSwiftPackageProductDependency;
			package = 0CB528D42D94375E00C9C7A9 /* XCRemoteSwiftPackageReference "firebase-ios-sdk" */;
			productName = FirebaseAuth;
		};
		0CB528E82D945DCD00C9C7A9 /* FirebaseFirestore */ = {
			isa = XCSwiftPackageProductDependency;
			package = 0CB528D42D94375E00C9C7A9 /* XCRemoteSwiftPackageReference "firebase-ios-sdk" */;
			productName = FirebaseFirestore;
		};
		0CE931822DA54DD90001985B /* FirebaseDatabase */ = {
			isa = XCSwiftPackageProductDependency;
			package = 0CB528D42D94375E00C9C7A9 /* XCRemoteSwiftPackageReference "firebase-ios-sdk" */;
			productName = FirebaseDatabase;
		};
/* End XCSwiftPackageProductDependency section */
	};
	rootObject = 0C551BB32D9427220071F5AE /* Project object */;
}
